
Microsoft Visual Studio Solution File, Format Version 12.00
# Visual Studio Version 17
VisualStudioVersion = 17.10.34928.147
MinimumVisualStudioVersion = 10.0.40219.1
Project("{FAE04EC0-301F-11D3-BF4B-00C04F79EFBC}") = "xadrez-console", "xadrez-console.csproj", "{7DF8BC33-6983-449C-9377-45FBAAEB0A53}"
EndProject
Global
	GlobalSection(SolutionConfigurationPlatforms) = preSolution
		Debug|Any CPU = Debug|Any CPU
		Release|Any CPU = Release|Any CPU
	EndGlobalSection
	GlobalSection(ProjectConfigurationPlatforms) = postSolution
		{7DF8BC33-6983-449C-9377-45FBAAEB0A53}.Debug|Any CPU.ActiveCfg = Debug|Any CPU
		{7DF8BC33-6983-449C-9377-45FBAAEB0A53}.Debug|Any CPU.Build.0 = Debug|Any CPU
		{7DF8BC33-6983-449C-9377-45FBAAEB0A53}.Release|Any CPU.ActiveCfg = Release|Any CPU
		{7DF8BC33-6983-449C-9377-45FBAAEB0A53}.Release|Any CPU.Build.0 = Release|Any CPU
	EndGlobalSection
	GlobalSection(SolutionProperties) = preSolution
		HideSolutionNode = FALSE
	EndGlobalSection
	GlobalSection(ExtensibilityGlobals) = postSolution
		SolutionGuid = {5404FE67-5A1D-4CCB-8A49-2CCF9DC64683}
	EndGlobalSection
EndGlobal
